
Microsoft Visual Studio Solution File, Format Version 12.00
# Visual Studio Version 17
VisualStudioVersion = 17.3.32819.101
MinimumVisualStudioVersion = 10.0.40219.1
Project("{FAE04EC0-301F-11D3-BF4B-00C04F79EFBC}") = "Final E-Commerce", "Final E-Commerce\Final E-Commerce.csproj", "{125DBDA7-6B96-4ED3-BC93-44891A08D87E}"
EndProject
Global
	GlobalSection(SolutionConfigurationPlatforms) = preSolution
		Debug|Any CPU = Debug|Any CPU
		Release|Any CPU = Release|Any CPU
	EndGlobalSection
	GlobalSection(ProjectConfigurationPlatforms) = postSolution
		{125DBDA7-6B96-4ED3-BC93-44891A08D87E}.Debug|Any CPU.ActiveCfg = Debug|Any CPU
		{125DBDA7-6B96-4ED3-BC93-44891A08D87E}.Debug|Any CPU.Build.0 = Debug|Any CPU
		{125DBDA7-6B96-4ED3-BC93-44891A08D87E}.Release|Any CPU.ActiveCfg = Release|Any CPU
		{125DBDA7-6B96-4ED3-BC93-44891A08D87E}.Release|Any CPU.Build.0 = Release|Any CPU
	EndGlobalSection
	GlobalSection(SolutionProperties) = preSolution
		HideSolutionNode = FALSE
	EndGlobalSection
	GlobalSection(ExtensibilityGlobals) = postSolution
		SolutionGuid = {39C76E6C-5F06-45F1-97CD-C9417C8525C8}
	EndGlobalSection
EndGlobal
